{
    "_meta": {
        "hash": {
            "sha256": "9e6a06094be615d73bda4421f33855680ebd17721d2145e1171191121b060574"
        },
        "pipfile-spec": 6,
        "requires": {
            "python_version": "3.5"
        },
        "sources": [
            {
                "name": "pypi",
                "url": "https://pypi.python.org/simple",
                "verify_ssl": true
            }
        ]
    },
    "default": {
        "adal": {
            "hashes": [
                "sha256:83b746883f3bd7216664463af70c05e847abd8e5b259d91eb49d692bec519a24",
                "sha256:dd3ecb2dfb2de9393320d0ed4e6115ed07a6984a28e18adf46499b91d3c3a494"
            ],
            "version": "==0.5.1"
        },
        "asn1crypto": {
            "hashes": [
                "sha256:2f1adbb7546ed199e3c90ef23ec95c5cf3585bac7d11fb7eb562a3fe89c64e87",
                "sha256:9d5c20441baf0cb60a4ac34cc447c6c189024b6b4c6cd7877034f4965c464e49"
            ],
            "version": "==0.24.0"
        },
        "azure-batch": {
            "hashes": [
                "sha256:017be21a9e6db92473d2e33170d5dd445596fc70d706f73552ac9c6b57a6ef1c",
                "sha256:cd71c7ebb5beab174b6225bbf79ae18d6db0c8d63227a7e514da0a75f138364c"
            ],
            "index": "pypi",
            "version": "==4.1.3"
        },
        "azure-common": {
            "hashes": [
                "sha256:9f158d0b1d4500af829b46dab238b52b32f3978c4ed269b9fead6554ebba4876",
                "sha256:a60e37117684a168022af2c5e537448ad878d4ad8e45f147512eae2102f856af"
            ],
            "version": "==1.1.11"
        },
        "azure-mgmt-batch": {
            "hashes": [
                "sha256:bc8ab35d21a07e17a4007efeb14a607a86315be5577d521fac53239f2270a633",
                "sha256:e83988711449d1ad4fe3db5c88c2b08aede073b113f2c5b423af155b1bd5f944"
            ],
            "index": "pypi",
            "version": "==5.0.0"
        },
        "azure-mgmt-nspkg": {
            "hashes": [
                "sha256:0bd439a8e9529387246c3e335920d6474fb67e12f963e4a40bec54933b347220",
                "sha256:e36488d4f5d7d668ef5cc3e6e86f081448fd60c9bf4e051d06ff7cfc5a653e6f"
            ],
            "version": "==2.0.0"
        },
        "azure-mgmt-storage": {
            "hashes": [
                "sha256:b1fc3a293051dee35dffe12d618f925581d6536c94ca5c05b69461ce941125a1",
                "sha256:d7a60f0675d49f70e74927814e0f1112e6482073c31a95478a55f5bb6e0691db"
            ],
            "index": "pypi",
            "version": "==1.5.0"
        },
        "azure-nspkg": {
            "hashes": [
                "sha256:4bd758e649f57cc188db4f3c64becaca16195e057e4362b6caad56fe1e7934e9",
                "sha256:fe19ee5d8c66ee8ef62557fc7310f59cffb7230f0a94701eef79f6e3191fdc7b"
            ],
            "version": "==2.0.0"
        },
        "azure-storage-blob": {
            "hashes": [
                "sha256:4fdcdc20e36d0f97a58bdffe1b26fc2b8b983c59ff8625e961c188c925891c66",
                "sha256:71d08a195a8cc732cbc0a45a552c7c8d495a2ef3721cbc993d0e586d0493d529"
            ],
            "index": "pypi",
            "version": "==1.1.0"
        },
        "azure-storage-common": {
            "hashes": [
                "sha256:2aad9fdaa6052867f19515a5d0acaa650103532cc50a8a8974b0d76e485525a0",
                "sha256:8c67a4b0ad9ef16c4da3ca050ac7ad2117818797365d7e3bb4f371bdb78040cf"
            ],
            "version": "==1.1.0"
        },
        "azure-storage-nspkg": {
            "hashes": [
                "sha256:4fc4685aef941eab2f7fb53824254cca2e38f2a1bf33cda0c8ae654fe15827d6",
                "sha256:855315c038c0e695868025127e1b3057a1f984af9ccfbaeac4fbfd6c5dd3b466"
            ],
            "version": "==3.0.0"
        },
        "certifi": {
            "hashes": [
                "sha256:13e698f54293db9f89122b0581843a782ad0934a4fe0172d2a980ba77fc61bb7",
                "sha256:9fa520c1bacfb634fa7af20a76bcbd3d5fb390481724c597da32c719a7dca4b0"
            ],
            "version": "==2018.4.16"
        },
        "cffi": {
            "hashes": [
                "sha256:151b7eefd035c56b2b2e1eb9963c90c6302dc15fbd8c1c0a83a163ff2c7d7743",
                "sha256:1553d1e99f035ace1c0544050622b7bc963374a00c467edafac50ad7bd276aef",
                "sha256:1b0493c091a1898f1136e3f4f991a784437fac3673780ff9de3bcf46c80b6b50",
                "sha256:2ba8a45822b7aee805ab49abfe7eec16b90587f7f26df20c71dd89e45a97076f",
                "sha256:3c85641778460581c42924384f5e68076d724ceac0f267d66c757f7535069c93",
                "sha256:3eb6434197633b7748cea30bf0ba9f66727cdce45117a712b29a443943733257",
                "sha256:4c91af6e967c2015729d3e69c2e51d92f9898c330d6a851bf8f121236f3defd3",
                "sha256:770f3782b31f50b68627e22f91cb182c48c47c02eb405fd689472aa7b7aa16dc",
                "sha256:79f9b6f7c46ae1f8ded75f68cf8ad50e5729ed4d590c74840471fc2823457d04",
                "sha256:7a33145e04d44ce95bcd71e522b478d282ad0eafaf34fe1ec5bbd73e662f22b6",
                "sha256:857959354ae3a6fa3da6651b966d13b0a8bed6bbc87a0de7b38a549db1d2a359",
                "sha256:87f37fe5130574ff76c17cab61e7d2538a16f843bb7bca8ebbc4b12de3078596",
                "sha256:95d5251e4b5ca00061f9d9f3d6fe537247e145a8524ae9fd30a2f8fbce993b5b",
                "sha256:9d1d3e63a4afdc29bd76ce6aa9d58c771cd1599fbba8cf5057e7860b203710dd",
                "sha256:a36c5c154f9d42ec176e6e620cb0dd275744aa1d804786a71ac37dc3661a5e95",
                "sha256:ae5e35a2c189d397b91034642cb0eab0e346f776ec2eb44a49a459e6615d6e2e",
                "sha256:b0f7d4a3df8f06cf49f9f121bead236e328074de6449866515cea4907bbc63d6",
                "sha256:b75110fb114fa366b29a027d0c9be3709579602ae111ff61674d28c93606acca",
                "sha256:ba5e697569f84b13640c9e193170e89c13c6244c24400fc57e88724ef610cd31",
                "sha256:be2a9b390f77fd7676d80bc3cdc4f8edb940d8c198ed2d8c0be1319018c778e1",
                "sha256:d5d8555d9bfc3f02385c1c37e9f998e2011f0db4f90e250e5bc0c0a85a813085",
                "sha256:e55e22ac0a30023426564b1059b035973ec82186ddddbac867078435801c7801",
                "sha256:e90f17980e6ab0f3c2f3730e56d1fe9bcba1891eeea58966e89d352492cc74f4",
                "sha256:ecbb7b01409e9b782df5ded849c178a0aa7c906cf8c5a67368047daab282b184",
                "sha256:ed01918d545a38998bfa5902c7c00e0fee90e957ce036a4000a88e3fe2264917",
                "sha256:edabd457cd23a02965166026fd9bfd196f4324fe6032e866d0f3bd0301cd486f",
                "sha256:fdf1c1dc5bafc32bc5d08b054f94d659422b05aba244d6be4ddc1c72d9aa70fb"
            ],
            "markers": "platform_python_implementation != 'pypy'",
            "version": "==1.11.5"
        },
        "chardet": {
            "hashes": [
                "sha256:84ab92ed1c4d4f16916e05906b6b75a6c0fb5db821cc65e70cbd64a3e2a5eaae",
                "sha256:fc323ffcaeaed0e0a02bf4d117757b98aed530d9ed4531e3e15460124c106691"
            ],
            "version": "==3.0.4"
        },
        "cryptography": {
            "hashes": [
                "sha256:3f3b65d5a16e6b52fba63dc860b62ca9832f51f1a2ae5083c78b6840275f12dd",
                "sha256:551a3abfe0c8c6833df4192a63371aa2ff43afd8f570ed345d31f251d78e7e04",
                "sha256:5cb990056b7cadcca26813311187ad751ea644712022a3976443691168781b6f",
                "sha256:60bda7f12ecb828358be53095fc9c6edda7de8f1ef571f96c00b2363643fa3cd",
                "sha256:6fef51ec447fe9f8351894024e94736862900d3a9aa2961528e602eb65c92bdb",
                "sha256:77d0ad229d47a6e0272d00f6bf8ac06ce14715a9fd02c9a97f5a2869aab3ccb2",
                "sha256:808fe471b1a6b777f026f7dc7bd9a4959da4bfab64972f2bbe91e22527c1c037",
                "sha256:9b62fb4d18529c84b961efd9187fecbb48e89aa1a0f9f4161c61b7fc42a101bd",
                "sha256:9e5bed45ec6b4f828866ac6a6bedf08388ffcfa68abe9e94b34bb40977aba531",
                "sha256:9fc295bf69130a342e7a19a39d7bbeb15c0bcaabc7382ec33ef3b2b7d18d2f63",
                "sha256:abd070b5849ed64e6d349199bef955ee0ad99aefbad792f0c587f8effa681a5e",
                "sha256:ba6a774749b6e510cffc2fb98535f717e0e5fd91c7c99a61d223293df79ab351",
                "sha256:c332118647f084c983c6a3e1dba0f3bcb051f69d12baccac68db8d62d177eb8a",
                "sha256:d6f46e862ee36df81e6342c2177ba84e70f722d9dc9c6c394f9f1f434c4a5563",
                "sha256:db6013746f73bf8edd9c3d1d3f94db635b9422f503db3fc5ef105233d4c011ab",
                "sha256:f57008eaff597c69cf692c3518f6d4800f0309253bb138b526a37fe9ef0c7471",
                "sha256:f6c821ac253c19f2ad4c8691633ae1d1a17f120d5b01ea1d256d7b602bc59887"
            ],
            "version": "==2.2.2"
        },
        "entrypoints": {
            "hashes": [
                "sha256:10ad569bb245e7e2ba425285b9fa3e8178a0dc92fc53b1e1c553805e15a8825b",
                "sha256:d2d587dde06f99545fb13a383d2cd336a8ff1f359c5839ce3a64c917d10c029f"
            ],
            "version": "==0.2.3"
        },
        "idna": {
            "hashes": [
                "sha256:2c6a5de3089009e3da7c5dde64a141dbc8551d5b7f6cf4ed7c2568d0cc520a8f",
                "sha256:8c7309c718f94b3a625cb648ace320157ad16ff131ae0af362c9f21b80ef6ec4"
            ],
            "version": "==2.6"
        },
        "isodate": {
            "hashes": [
                "sha256:2e364a3d5759479cdb2d37cce6b9376ea504db2ff90252a2e5b7cc89cc9ff2d8",
                "sha256:aa4d33c06640f5352aca96e4b81afd8ab3b47337cc12089822d6f322ac772c81"
            ],
            "version": "==0.6.0"
        },
        "jeepney": {
            "hashes": [
                "sha256:a6f2aa72e61660248d4d524dfccb6405f17c693b69af5d60dd7f2bab807d907e",
                "sha256:e7b961fe9dfa1ed4c576d3bb2d70a9276dace0e16ebed9da09e4d288fe1d3b2a"
            ],
            "version": "==0.3.1"
        },
        "keyring": {
            "hashes": [
                "sha256:4498eaa2e32fc69a8b36749116b670c379d36a1a9ad4ab107df1e19c8a120ffe",
                "sha256:fd597e72df7240ec5a4215c50957e41c3d4bd321d97bf163f4a8e75ca287d77b"
            ],
            "version": "==12.2.1"
        },
        "msrest": {
            "hashes": [
                "sha256:ce0a558173b7c7bff87dc66e24331382c81a89367ea52c52bbb934de6064cb45",
                "sha256:df42272848ebbf3bc76d0e441ad28be6fadabd0983bb5c732e236620ce707e75"
            ],
            "version": "==0.4.29"
        },
        "msrestazure": {
            "hashes": [
                "sha256:de8405f9567ffe02107254ab83cc01c43a522897eed250cdf4b06f90bec11a8f",
                "sha256:df0d013f7df9155dea208605a632a9cf1d0a7c99f3cf1171b766e143c745fdb4"
            ],
            "version": "==0.4.29"
        },
        "oauthlib": {
            "hashes": [
                "sha256:09d438bcac8f004ae348e721e9d8a7792a9e23cd574634e973173344046287f5",
                "sha256:909665297635fa11fe9914c146d875f2ed41c8c2d78e21a529dd71c0ba756508"
            ],
            "version": "==2.0.7"
        },
        "pycparser": {
            "hashes": [
                "sha256:99a8ca03e29851d96616ad0404b4aad7d9ee16f25c9f9708a11faf2810f7b226"
            ],
            "version": "==2.18"
        },
        "pycryptodomex": {
            "hashes": [
                "sha256:1869d7735f445bbf1681afa2acce10ad829857cfb7a4a7b702e484f222021892",
                "sha256:24e054190d2b11ad3b8517d186c0b3df6f902a5f5a91be8e4bb6a3fcdc65b2cf",
                "sha256:26967d31fabb0d80cb2b254a7c0f55f8dec9931e8676891edd24aa5aaeb0d021",
                "sha256:2a341b57bb5844d53b8f632f79277cd534762f502fb73bff5dc1a2f615ff91ed",
                "sha256:43d6eb014aba7be354f3e8fe2693fe96446f6791da2b9570e8d54d481e3ab224",
                "sha256:4c271577f4f8c5cced55a60f4504b34545121c14facb8fc357f89c24089c81fc",
                "sha256:59721f2853df9cf2265304d3b6d6d8cebe3a86b1fddc00f2bfbf18eb2a48fb78",
                "sha256:63a77a1b27d12ed1c42f4e539d9dbe588a88b70ec64b55271cdf1f56c1223bd6",
                "sha256:6d04640386c55b9f44015747496c3b6582360b5b3b4e42f9ce3fc7c6840f80d0",
                "sha256:730bd75d90e16975a112ea79863ce1faa7703d3b54f10d77656e7dadf6be0ef6",
                "sha256:75a300aa86c56e9c19a7b476c397cb22fda3be7af4cf2f105990fdd94c52f486",
                "sha256:7c6f67005c6e421f02fd7fe9d95876094307b31628d728adc6c2e038e2ed9c09",
                "sha256:82b758f870c8dd859f9b58bc9cff007403b68742f9e0376e2cbd8aa2ad3baa83",
                "sha256:8528a958b746c4da767bfba5ac370250dcb741f4c69e55873bd6efe89ac07291",
                "sha256:93582ea5bc3e8f95cb36d9dd752c01452085b54b396e3ed775ac1793b8dc486a",
                "sha256:94e0105ad8d82d3bf5a032c92fc03b01e3bc9ea40b58308c2da42f8cf8c16c47",
                "sha256:a65889424bf10a884ff031e7f3fd12273dd5b420ee08ca8fcfd431a2f6cbabc1",
                "sha256:a8467982d26bfb90089f50c3c5d9ed541b7fe9f9df20803fede70d5046cd4ff1",
                "sha256:ab497d4e7361511ede562ed3cd4528f46c005781bc23b1b943612d27bfb078c3",
                "sha256:bb05caf3f6cf41d964c01e08dfaddfe48086c7b3e96708d50647f0a29ff33f56",
                "sha256:c4643647f5656855975b2aaf70fe3aa1e0c1558f8d1b5de0c9a8ccac65114c57",
                "sha256:c550e20834b679ed0b7608c345a816f97047d2297aab4f4599f95edee5d16e99",
                "sha256:cc797712add76cd658110585481c380833637b68df1404190777ba715a81c9b9",
                "sha256:dff0c883d495bf45d18acc74938d1de4d6a08b3345acb9177a46c6997a578c44",
                "sha256:e4f69af1f5b46255ec7b8116a853879a55e8e6b595a73c39f14ca430c410c469",
                "sha256:f61d0d83e9dd974849f9b0826ec20f49dbd9ed233fd90bf2592be1337231418e",
                "sha256:f65f21d2b616c30ad4ba801504343eb768fd0a2894c5f587e784201320556543"
            ],
            "index": "pypi",
            "version": "==3.6.1"
        },
        "pyjwt": {
            "hashes": [
                "sha256:bca523ef95586d3a8a5be2da766fe6f82754acba27689c984e28e77a12174593",
                "sha256:dacba5786fe3bf1a0ae8673874e29f9ac497860955c501289c63b15d3daae63a"
            ],
            "version": "==1.6.1"
        },
        "python-dateutil": {
            "hashes": [
                "sha256:1adb80e7a782c12e52ef9a8182bebeb73f1d7e24e374397af06fb4956c8dc5c0",
                "sha256:e27001de32f627c22380a688bcc43ce83504a7bc5da472209b4c70f02829f0b8"
            ],
            "version": "==2.7.3"
        },
        "pyyaml": {
            "hashes": [
                "sha256:0c507b7f74b3d2dd4d1322ec8a94794927305ab4cebbe89cc47fe5e81541e6e8",
                "sha256:16b20e970597e051997d90dc2cddc713a2876c47e3d92d59ee198700c5427736",
                "sha256:3262c96a1ca437e7e4763e2843746588a965426550f3797a79fca9c6199c431f",
                "sha256:326420cbb492172dec84b0f65c80942de6cedb5233c413dd824483989c000608",
                "sha256:4474f8ea030b5127225b8894d626bb66c01cda098d47a2b0d3429b6700af9fd8",
                "sha256:592766c6303207a20efc445587778322d7f73b161bd994f227adaa341ba212ab",
                "sha256:5ac82e411044fb129bae5cfbeb3ba626acb2af31a8d17d175004b70862a741a7",
                "sha256:5f84523c076ad14ff5e6c037fe1c89a7f73a3e04cf0377cb4d017014976433f3",
                "sha256:827dc04b8fa7d07c44de11fabbc888e627fa8293b695e0f99cb544fdfa1bf0d1",
                "sha256:b4c423ab23291d3945ac61346feeb9a0dc4184999ede5e7c43e1ffb975130ae6",
                "sha256:bc6bced57f826ca7cb5125a10b23fd0f2fff3b7c4701d64c439a300ce665fff8",
                "sha256:c01b880ec30b5a6e6aa67b09a2fe3fb30473008c85cd6a67359a1b15ed6d83a4",
                "sha256:ca233c64c6e40eaa6c66ef97058cdc80e8d0157a443655baa1b2966e812807ca",
                "sha256:e863072cdf4c72eebf179342c94e6989c67185842d9997960b3e69290b2fa269"
            ],
            "index": "pypi",
            "version": "==3.12"
        },
        "requests": {
            "hashes": [
                "sha256:6a1b267aa90cac58ac3a765d067950e7dbbf75b1da07e895d1f594193a40a38b",
                "sha256:9c443e7324ba5b85070c4a818ade28bfabedf16ea10206da1132edaa6dda237e"
            ],
            "version": "==2.18.4"
        },
        "requests-oauthlib": {
            "hashes": [
                "sha256:50a8ae2ce8273e384895972b56193c7409601a66d4975774c60c2aed869639ca",
                "sha256:883ac416757eada6d3d07054ec7092ac21c7f35cb1d2cf82faf205637081f468"
            ],
            "version": "==0.8.0"
        },
        "secretstorage": {
            "hashes": [
                "sha256:1bbf5b85a718854916d1c151fa33e6f667e3c005e033ea46d4123384d233b137",
                "sha256:819087ca89c0d6c5711692f41fb26f786af9dcc5bb89d567722a66edfbb2a689"
            ],
            "markers": "sys_platform == 'linux' and python_version >= '3.5'",
            "version": "==3.0.1"
        },
        "six": {
            "hashes": [
                "sha256:70e8a77beed4562e7f14fe23a786b54f6296e34344c23bc42f07b15018ff98e9",
                "sha256:832dc0e10feb1aa2c68dcc57dbb658f1c7e65b9b61af69048abc87a2db00a0eb"
            ],
            "version": "==1.11.0"
        },
        "urllib3": {
            "hashes": [
                "sha256:06330f386d6e4b195fbfc736b297f58c5a892e4440e54d294d7004e3a9bbea1b",
                "sha256:cc44da8e1145637334317feebd728bd869a35285b93cbb4cca2577da7e62db4f"
            ],
            "version": "==1.22"
        }
    },
    "develop": {}
}
